
Microsoft Visual Studio Solution File, Format Version 12.00
# Visual Studio Version 17
VisualStudioVersion = 17.5.33516.290
MinimumVisualStudioVersion = 10.0.40219.1
Project("{FAE04EC0-301F-11D3-BF4B-00C04F79EFBC}") = "Exercise04", "Exercise04\Exercise04.csproj", "{5444DB3C-99FA-48F3-8B6A-344C7612978D}"
EndProject
Global
	GlobalSection(SolutionConfigurationPlatforms) = preSolution
		Debug|Any CPU = Debug|Any CPU
		Release|Any CPU = Release|Any CPU
	EndGlobalSection
	GlobalSection(ProjectConfigurationPlatforms) = postSolution
		{5444DB3C-99FA-48F3-8B6A-344C7612978D}.Debug|Any CPU.ActiveCfg = Debug|Any CPU
		{5444DB3C-99FA-48F3-8B6A-344C7612978D}.Debug|Any CPU.Build.0 = Debug|Any CPU
		{5444DB3C-99FA-48F3-8B6A-344C7612978D}.Release|Any CPU.ActiveCfg = Release|Any CPU
		{5444DB3C-99FA-48F3-8B6A-344C7612978D}.Release|Any CPU.Build.0 = Release|Any CPU
	EndGlobalSection
	GlobalSection(SolutionProperties) = preSolution
		HideSolutionNode = FALSE
	EndGlobalSection
	GlobalSection(ExtensibilityGlobals) = postSolution
		SolutionGuid = {BBB88FAD-5EB0-423B-87BE-97364C5BBDDB}
	EndGlobalSection
EndGlobal
